{
  "version": 4,
  "terraform_version": "1.4.6",
  "serial": 2,
  "lineage": "12a73829-29c1-801e-a7b0-db3aea93b7b9",
  "outputs": {
    "cluster": {
      "value": "https://D7FD95C87A3CDDD6D9D5F69AF2B7C208.gr7.us-east-1.eks.amazonaws.com",
      "type": "string"
    }
  },
  "resources": [
    {
      "mode": "managed",
      "type": "aws_eks_cluster",
      "name": "cluster",
      "provider": "provider[\"registry.terraform.io/hashicorp/aws\"]",
      "instances": [
        {
          "schema_version": 0,
          "attributes": {
            "arn": "arn:aws:eks:us-east-1:571663587379:cluster/whiz",
            "certificate_authority": [
              {
                "data": "LS0tLS1CRUdJTiBDRVJUSUZJQ0FURS0tLS0tCk1JSUMvakNDQWVhZ0F3SUJBZ0lCQURBTkJna3Foa2lHOXcwQkFRc0ZBREFWTVJNd0VRWURWUVFERXdwcmRXSmwKY201bGRHVnpNQjRYRFRJek1EVXdNakEzTkRjeU5Gb1hEVE16TURReU9UQTNORGN5TkZvd0ZURVRNQkVHQTFVRQpBeE1LYTNWaVpYSnVaWFJsY3pDQ0FTSXdEUVlKS29aSWh2Y05BUUVCQlFBRGdnRVBBRENDQVFvQ2dnRUJBTDhXClVhNHY5K1dLQk5veDM5U01MdTNQUTdsOE5jeGJPYlBsNDNrMW1Ba3RpdE83L0ZVcTJGZ2dBakY5aGpqT3hrZkgKUHcwL2ZPdFRQT0dLSXQxcDZiSU9vTDEzY29ZZWRmUG9oU01jTUppSWR0U2ZSanA1bkMxeTJNR3g4eW16K3lYNQpubm44UzRnVkZHMS9ZSEpzaDRzUDdjaE1yejFVbVFUVnJyRlFpMDU4WG0zK3p2QkErUWVhdXNES2VoWVAxVUg3ClNkMTVTWlRPam8wQ2FnUktWWmo2VGZObnZuT3lRWXpRcmo1bzFOL3h3VE83S01EYUVOVlgyUGNqSjg2cGRlSFgKdWJuYXJNYkVEb3JqZ3VKMkNoWHFmUzRWLzJjdno5cVZ3ZURIalBkOVN6UklzVmx4aEk2OU1RZEFveHJTWUtDegp5dU1hY3U2RGFBdW9VNEVhOU9VQ0F3RUFBYU5aTUZjd0RnWURWUjBQQVFIL0JBUURBZ0trTUE4R0ExVWRFd0VCCi93UUZNQU1CQWY4d0hRWURWUjBPQkJZRUZDc0cwU1llZ0NLZXRpQW0vZmg4cFh4UXZEWVFNQlVHQTFVZEVRUU8KTUF5Q0NtdDFZbVZ5Ym1WMFpYTXdEUVlKS29aSWh2Y05BUUVMQlFBRGdnRUJBS0ZuNHFHRkJUMkg0U3ZlSGlXUwptWGtJTmg0VkFZenB1YklSUHZrRkZjdlFJekRMUTZVdE1mTXJ3MjZ3cHREeEFlK3JvMG1TWjRjVytuNndVcFg0CjVvWWNDRTVRdnU0eUlTbEVrUHp0TU9wTzlGRlA0RGVRM1FpYUVjQitKZnBnUHM1THFhNlZMT3VQeWg2WnVYUk0KNHhidDlUNHJuai80TTVJUVZPVElhc2lqNTFVZDJXTWxhM3E5RGdrUElWMFR6K0VMQVVwQWVVMEFISGU5d1RaVAp4eFE0OGhxbi9lNGVJcFRYUzVrelRtWERCRitWU0p6Z3krajFlbXB4SzBMUUJaenZBdGppQ2tETzY5VXdBc1NmCkpsU3RjQ2QxNGFYZ1d0bzl1M28zWHVvckJTNzJ5Tzc5WDljRjI2bWRtR1FTK3ZSY2dzeDNvYkRjUXc0R2FMNEEKS1RNPQotLS0tLUVORCBDRVJUSUZJQ0FURS0tLS0tCg=="
              }
            ],
            "cluster_id": null,
            "created_at": "2023-05-02 07:41:44.08 +0000 UTC",
            "enabled_cluster_log_types": null,
            "encryption_config": [],
            "endpoint": "https://D7FD95C87A3CDDD6D9D5F69AF2B7C208.gr7.us-east-1.eks.amazonaws.com",
            "id": "whiz",
            "identity": [
              {
                "oidc": [
                  {
                    "issuer": "https://oidc.eks.us-east-1.amazonaws.com/id/D7FD95C87A3CDDD6D9D5F69AF2B7C208"
                  }
                ]
              }
            ],
            "kubernetes_network_config": [
              {
                "ip_family": "ipv4",
                "service_ipv4_cidr": "10.100.0.0/16",
                "service_ipv6_cidr": ""
              }
            ],
            "name": "whiz",
            "outpost_config": [],
            "platform_version": "eks.2",
            "role_arn": "arn:aws:iam::571663587379:role/task98_role_35569.42382987",
            "status": "ACTIVE",
            "tags": null,
            "tags_all": {},
            "timeouts": null,
            "version": "1.25",
            "vpc_config": [
              {
                "cluster_security_group_id": "sg-099f1a4e5a43f86f8",
                "endpoint_private_access": false,
                "endpoint_public_access": true,
                "public_access_cidrs": [
                  "0.0.0.0/0"
                ],
                "security_group_ids": null,
                "subnet_ids": [
                  "subnet-81bbeede",
                  "subnet-849e86c9"
                ],
                "vpc_id": "vpc-1f0f6b62"
              }
            ]
          },
          "sensitive_attributes": [],
          "private": "eyJlMmJmYjczMC1lY2FhLTExZTYtOGY4OC0zNDM2M2JjN2M0YzAiOnsiY3JlYXRlIjoxODAwMDAwMDAwMDAwLCJkZWxldGUiOjkwMDAwMDAwMDAwMCwidXBkYXRlIjozNjAwMDAwMDAwMDAwfX0="
        }
      ]
    }
  ],
  "check_results": null
}
