{
  "version": 4,
  "terraform_version": "1.4.6",
  "serial": 9,
  "lineage": "e55b9667-ea03-9386-8595-ea5db4953330",
  "outputs": {
    "cluster_endpoint": {
      "value": "myauroracluster.cluster-c7brn3gkvxdc.us-east-1.rds.amazonaws.com",
      "type": "string"
    },
    "instance_id": {
      "value": "i-0ecc3bc9246b3926e",
      "type": "string"
    }
  },
  "resources": [
    {
      "mode": "managed",
      "type": "aws_instance",
      "name": "web-server",
      "provider": "provider[\"registry.terraform.io/hashicorp/aws\"]",
      "instances": [
        {
          "schema_version": 1,
          "attributes": {
            "ami": "ami-01cc34ab2709337aa",
            "arn": "arn:aws:ec2:us-east-1:733427936417:instance/i-0ecc3bc9246b3926e",
            "associate_public_ip_address": true,
            "availability_zone": "us-east-1d",
            "capacity_reservation_specification": [
              {
                "capacity_reservation_preference": "open",
                "capacity_reservation_target": []
              }
            ],
            "cpu_core_count": 1,
            "cpu_threads_per_core": 1,
            "credit_specification": [
              {
                "cpu_credits": "standard"
              }
            ],
            "disable_api_stop": false,
            "disable_api_termination": false,
            "ebs_block_device": [],
            "ebs_optimized": false,
            "enclave_options": [
              {
                "enabled": false
              }
            ],
            "ephemeral_block_device": [],
            "get_password_data": false,
            "hibernation": false,
            "host_id": "",
            "host_resource_group_arn": null,
            "iam_instance_profile": "",
            "id": "i-0ecc3bc9246b3926e",
            "instance_initiated_shutdown_behavior": "stop",
            "instance_state": "running",
            "instance_type": "t2.micro",
            "ipv6_address_count": 0,
            "ipv6_addresses": [],
            "key_name": "WhizKey",
            "launch_template": [],
            "maintenance_options": [
              {
                "auto_recovery": "default"
              }
            ],
            "metadata_options": [
              {
                "http_endpoint": "enabled",
                "http_put_response_hop_limit": 1,
                "http_tokens": "optional",
                "instance_metadata_tags": "disabled"
              }
            ],
            "monitoring": false,
            "network_interface": [],
            "outpost_arn": "",
            "password_data": "",
            "placement_group": "",
            "placement_partition_number": 0,
            "primary_network_interface_id": "eni-05c93beacfba28d0c",
            "private_dns": "ip-172-31-17-224.ec2.internal",
            "private_dns_name_options": [
              {
                "enable_resource_name_dns_a_record": false,
                "enable_resource_name_dns_aaaa_record": false,
                "hostname_type": "ip-name"
              }
            ],
            "private_ip": "172.31.17.224",
            "public_dns": "ec2-54-90-120-235.compute-1.amazonaws.com",
            "public_ip": "54.90.120.235",
            "root_block_device": [
              {
                "delete_on_termination": true,
                "device_name": "/dev/xvda",
                "encrypted": false,
                "iops": 100,
                "kms_key_id": "",
                "tags": {},
                "throughput": 0,
                "volume_id": "vol-0f649d48a49bfd5e8",
                "volume_size": 8,
                "volume_type": "gp2"
              }
            ],
            "secondary_private_ips": [],
            "security_groups": [
              "MyEc2server-SG"
            ],
            "source_dest_check": true,
            "subnet_id": "subnet-1e3b2353",
            "tags": {
              "Name": "MyRdsEc2server"
            },
            "tags_all": {
              "Name": "MyRdsEc2server"
            },
            "tenancy": "default",
            "timeouts": null,
            "user_data": "54161c5707a04dce926dfc8212765932b3f5e419",
            "user_data_base64": null,
            "user_data_replace_on_change": false,
            "volume_tags": null,
            "vpc_security_group_ids": [
              "sg-00c30eda53681740b"
            ]
          },
          "sensitive_attributes": [],
          "private": "eyJlMmJmYjczMC1lY2FhLTExZTYtOGY4OC0zNDM2M2JjN2M0YzAiOnsiY3JlYXRlIjo2MDAwMDAwMDAwMDAsImRlbGV0ZSI6MTIwMDAwMDAwMDAwMCwidXBkYXRlIjo2MDAwMDAwMDAwMDB9LCJzY2hlbWFfdmVyc2lvbiI6IjEifQ==",
          "dependencies": [
            "aws_key_pair.whiz_key",
            "aws_security_group.web-server",
            "tls_private_key.example"
          ]
        }
      ]
    },
    {
      "mode": "managed",
      "type": "aws_key_pair",
      "name": "whiz_key",
      "provider": "provider[\"registry.terraform.io/hashicorp/aws\"]",
      "instances": [
        {
          "schema_version": 1,
          "attributes": {
            "arn": "arn:aws:ec2:us-east-1:733427936417:key-pair/WhizKey",
            "fingerprint": "77:3d:77:e9:08:c3:52:b7:e0:73:e4:6f:93:ce:cf:49",
            "id": "WhizKey",
            "key_name": "WhizKey",
            "key_name_prefix": "",
            "key_pair_id": "key-0380b1120ff14e030",
            "key_type": "rsa",
            "public_key": "ssh-rsa AAAAB3NzaC1yc2EAAAADAQABAAABAQDFw4yOcgLePqz077p3JV2yl4Xn2/+MYqLaunFM7l2fnw/8WyhI619fmTvhQaLrFPPyBiANx9AGr7nUGWFc4Bm5eKa4JzyTGT2c3VanNmmhIi8ew8x/xxQ9yRkYirgQnXoDru8BFkbE7+WYVhQB3i+nfJbseuONiebOCzspuoeoz/dpmtbfGqykHDaBvazE6yMh7u0f44430Wd15/VtXYgP9QjCV4OoIpaJhuEGjBtzPcHv1jdmPjRTJcJpzqTE2kGxJcCi8GQKDWAOCyG1C/uoEQitl9s7DpNgM6bYdojEqHlhnrafCtfqBMKG2Q9D50XukvblWj2s62jdm2pjoPSd",
            "tags": null,
            "tags_all": {}
          },
          "sensitive_attributes": [],
          "private": "eyJzY2hlbWFfdmVyc2lvbiI6IjEifQ==",
          "dependencies": [
            "tls_private_key.example"
          ]
        }
      ]
    },
    {
      "mode": "managed",
      "type": "aws_rds_cluster",
      "name": "aurorards",
      "provider": "provider[\"registry.terraform.io/hashicorp/aws\"]",
      "instances": [
        {
          "schema_version": 0,
          "attributes": {
            "allocated_storage": 1,
            "allow_major_version_upgrade": null,
            "apply_immediately": null,
            "arn": "arn:aws:rds:us-east-1:733427936417:cluster:myauroracluster",
            "availability_zones": [
              "us-east-1a",
              "us-east-1b",
              "us-east-1c"
            ],
            "backtrack_window": 0,
            "backup_retention_period": 1,
            "cluster_identifier": "myauroracluster",
            "cluster_identifier_prefix": null,
            "cluster_members": [],
            "cluster_resource_id": "cluster-3PD37QVRZFBUW6TRQSMUUAQB3M",
            "copy_tags_to_snapshot": false,
            "database_name": "MyDB",
            "db_cluster_instance_class": "",
            "db_cluster_parameter_group_name": "default.aurora-mysql5.7",
            "db_instance_parameter_group_name": null,
            "db_subnet_group_name": "default",
            "deletion_protection": false,
            "enable_global_write_forwarding": false,
            "enable_http_endpoint": false,
            "enabled_cloudwatch_logs_exports": null,
            "endpoint": "myauroracluster.cluster-c7brn3gkvxdc.us-east-1.rds.amazonaws.com",
            "engine": "aurora-mysql",
            "engine_mode": "provisioned",
            "engine_version": "5.7.mysql_aurora.2.11.2",
            "engine_version_actual": "5.7.mysql_aurora.2.11.2",
            "final_snapshot_identifier": null,
            "global_cluster_identifier": "",
            "hosted_zone_id": "Z2R2ITUGPM61AM",
            "iam_database_authentication_enabled": false,
            "iam_roles": [],
            "id": "myauroracluster",
            "iops": 0,
            "kms_key_id": "",
            "manage_master_user_password": null,
            "master_password": "Whizlabs123",
            "master_user_secret": [],
            "master_user_secret_kms_key_id": null,
            "master_username": "WhizlabsAdmin",
            "network_type": "IPV4",
            "port": 3306,
            "preferred_backup_window": "04:32-05:02",
            "preferred_maintenance_window": "tue:10:25-tue:10:55",
            "reader_endpoint": "myauroracluster.cluster-ro-c7brn3gkvxdc.us-east-1.rds.amazonaws.com",
            "replication_source_identifier": "",
            "restore_to_point_in_time": [],
            "s3_import": [],
            "scaling_configuration": [],
            "serverlessv2_scaling_configuration": [],
            "skip_final_snapshot": true,
            "snapshot_identifier": null,
            "source_region": null,
            "storage_encrypted": false,
            "storage_type": "",
            "tags": null,
            "tags_all": {},
            "timeouts": null,
            "vpc_security_group_ids": [
              "sg-05fc49fa5fba3c5bd"
            ]
          },
          "sensitive_attributes": [],
          "private": "eyJlMmJmYjczMC1lY2FhLTExZTYtOGY4OC0zNDM2M2JjN2M0YzAiOnsiY3JlYXRlIjo3MjAwMDAwMDAwMDAwLCJkZWxldGUiOjcyMDAwMDAwMDAwMDAsInVwZGF0ZSI6NzIwMDAwMDAwMDAwMH19",
          "dependencies": [
            "aws_security_group.rds-server"
          ]
        }
      ]
    },
    {
      "mode": "managed",
      "type": "aws_rds_cluster_instance",
      "name": "cluster_instances",
      "provider": "provider[\"registry.terraform.io/hashicorp/aws\"]",
      "instances": [
        {
          "index_key": 0,
          "schema_version": 0,
          "attributes": {
            "apply_immediately": null,
            "arn": "arn:aws:rds:us-east-1:733427936417:db:muaurorainstance0",
            "auto_minor_version_upgrade": true,
            "availability_zone": "us-east-1b",
            "ca_cert_identifier": "rds-ca-2019",
            "cluster_identifier": "myauroracluster",
            "copy_tags_to_snapshot": false,
            "db_parameter_group_name": "default.aurora-mysql5.7",
            "db_subnet_group_name": "default",
            "dbi_resource_id": "db-MDEBGIRXE57M6FB2WV5QCQSHDY",
            "endpoint": "muaurorainstance0.c7brn3gkvxdc.us-east-1.rds.amazonaws.com",
            "engine": "aurora-mysql",
            "engine_version": "5.7.mysql_aurora.2.11.2",
            "engine_version_actual": "5.7.mysql_aurora.2.11.2",
            "id": "muaurorainstance0",
            "identifier": "muaurorainstance0",
            "identifier_prefix": null,
            "instance_class": "db.t3.small",
            "kms_key_id": "",
            "monitoring_interval": 0,
            "monitoring_role_arn": "",
            "network_type": "IPV4",
            "performance_insights_enabled": false,
            "performance_insights_kms_key_id": "",
            "performance_insights_retention_period": 0,
            "port": 3306,
            "preferred_backup_window": "04:32-05:02",
            "preferred_maintenance_window": "tue:06:35-tue:07:05",
            "promotion_tier": 0,
            "publicly_accessible": true,
            "storage_encrypted": false,
            "tags": null,
            "tags_all": {},
            "timeouts": null,
            "writer": true
          },
          "sensitive_attributes": [],
          "private": "eyJlMmJmYjczMC1lY2FhLTExZTYtOGY4OC0zNDM2M2JjN2M0YzAiOnsiY3JlYXRlIjo1NDAwMDAwMDAwMDAwLCJkZWxldGUiOjU0MDAwMDAwMDAwMDAsInVwZGF0ZSI6NTQwMDAwMDAwMDAwMH19",
          "dependencies": [
            "aws_rds_cluster.aurorards",
            "aws_security_group.rds-server"
          ]
        },
        {
          "index_key": 1,
          "schema_version": 0,
          "attributes": {
            "apply_immediately": null,
            "arn": "arn:aws:rds:us-east-1:733427936417:db:muaurorainstance1",
            "auto_minor_version_upgrade": true,
            "availability_zone": "us-east-1c",
            "ca_cert_identifier": "rds-ca-2019",
            "cluster_identifier": "myauroracluster",
            "copy_tags_to_snapshot": false,
            "db_parameter_group_name": "default.aurora-mysql5.7",
            "db_subnet_group_name": "default",
            "dbi_resource_id": "db-SEHR6BP4BZ7NJWTVCLKUXNDOQI",
            "endpoint": "muaurorainstance1.c7brn3gkvxdc.us-east-1.rds.amazonaws.com",
            "engine": "aurora-mysql",
            "engine_version": "5.7.mysql_aurora.2.11.2",
            "engine_version_actual": "5.7.mysql_aurora.2.11.2",
            "id": "muaurorainstance1",
            "identifier": "muaurorainstance1",
            "identifier_prefix": null,
            "instance_class": "db.t3.small",
            "kms_key_id": "",
            "monitoring_interval": 0,
            "monitoring_role_arn": "",
            "network_type": "IPV4",
            "performance_insights_enabled": false,
            "performance_insights_kms_key_id": "",
            "performance_insights_retention_period": 0,
            "port": 3306,
            "preferred_backup_window": "04:32-05:02",
            "preferred_maintenance_window": "sun:06:03-sun:06:33",
            "promotion_tier": 0,
            "publicly_accessible": true,
            "storage_encrypted": false,
            "tags": null,
            "tags_all": {},
            "timeouts": null,
            "writer": false
          },
          "sensitive_attributes": [],
          "private": "eyJlMmJmYjczMC1lY2FhLTExZTYtOGY4OC0zNDM2M2JjN2M0YzAiOnsiY3JlYXRlIjo1NDAwMDAwMDAwMDAwLCJkZWxldGUiOjU0MDAwMDAwMDAwMDAsInVwZGF0ZSI6NTQwMDAwMDAwMDAwMH19",
          "dependencies": [
            "aws_rds_cluster.aurorards",
            "aws_security_group.rds-server"
          ]
        }
      ]
    },
    {
      "mode": "managed",
      "type": "aws_security_group",
      "name": "rds-server",
      "provider": "provider[\"registry.terraform.io/hashicorp/aws\"]",
      "instances": [
        {
          "schema_version": 1,
          "attributes": {
            "arn": "arn:aws:ec2:us-east-1:733427936417:security-group/sg-05fc49fa5fba3c5bd",
            "description": "Security group for RDS Aurora",
            "egress": [
              {
                "cidr_blocks": [
                  "0.0.0.0/0"
                ],
                "description": "",
                "from_port": 0,
                "ipv6_cidr_blocks": [],
                "prefix_list_ids": [],
                "protocol": "-1",
                "security_groups": [],
                "self": false,
                "to_port": 0
              }
            ],
            "id": "sg-05fc49fa5fba3c5bd",
            "ingress": [
              {
                "cidr_blocks": [
                  "0.0.0.0/0"
                ],
                "description": "",
                "from_port": 3306,
                "ipv6_cidr_blocks": [],
                "prefix_list_ids": [],
                "protocol": "tcp",
                "security_groups": [],
                "self": false,
                "to_port": 3306
              }
            ],
            "name": "rds-maz-SG-SG",
            "name_prefix": "",
            "owner_id": "733427936417",
            "revoke_rules_on_delete": false,
            "tags": null,
            "tags_all": {},
            "timeouts": null,
            "vpc_id": "vpc-91e287ec"
          },
          "sensitive_attributes": [],
          "private": "eyJlMmJmYjczMC1lY2FhLTExZTYtOGY4OC0zNDM2M2JjN2M0YzAiOnsiY3JlYXRlIjo2MDAwMDAwMDAwMDAsImRlbGV0ZSI6OTAwMDAwMDAwMDAwfSwic2NoZW1hX3ZlcnNpb24iOiIxIn0="
        }
      ]
    },
    {
      "mode": "managed",
      "type": "aws_security_group",
      "name": "web-server",
      "provider": "provider[\"registry.terraform.io/hashicorp/aws\"]",
      "instances": [
        {
          "schema_version": 1,
          "attributes": {
            "arn": "arn:aws:ec2:us-east-1:733427936417:security-group/sg-00c30eda53681740b",
            "description": "Security for ec2 server to connect with RDS",
            "egress": [
              {
                "cidr_blocks": [
                  "0.0.0.0/0"
                ],
                "description": "",
                "from_port": 0,
                "ipv6_cidr_blocks": [],
                "prefix_list_ids": [],
                "protocol": "-1",
                "security_groups": [],
                "self": false,
                "to_port": 0
              }
            ],
            "id": "sg-00c30eda53681740b",
            "ingress": [
              {
                "cidr_blocks": [
                  "0.0.0.0/0"
                ],
                "description": "",
                "from_port": 22,
                "ipv6_cidr_blocks": [],
                "prefix_list_ids": [],
                "protocol": "tcp",
                "security_groups": [],
                "self": false,
                "to_port": 22
              }
            ],
            "name": "MyEc2server-SG",
            "name_prefix": "",
            "owner_id": "733427936417",
            "revoke_rules_on_delete": false,
            "tags": null,
            "tags_all": {},
            "timeouts": null,
            "vpc_id": "vpc-91e287ec"
          },
          "sensitive_attributes": [],
          "private": "eyJlMmJmYjczMC1lY2FhLTExZTYtOGY4OC0zNDM2M2JjN2M0YzAiOnsiY3JlYXRlIjo2MDAwMDAwMDAwMDAsImRlbGV0ZSI6OTAwMDAwMDAwMDAwfSwic2NoZW1hX3ZlcnNpb24iOiIxIn0="
        }
      ]
    },
    {
      "mode": "managed",
      "type": "tls_private_key",
      "name": "example",
      "provider": "provider[\"registry.terraform.io/hashicorp/tls\"]",
      "instances": [
        {
          "schema_version": 1,
          "attributes": {
            "algorithm": "RSA",
            "ecdsa_curve": "P224",
            "id": "0133d8417ccefaae8c3daa8eca35fbd2c63bdd76",
            "private_key_openssh": "-----BEGIN OPENSSH PRIVATE KEY-----\nb3BlbnNzaC1rZXktdjEAAAAABG5vbmUAAAAEbm9uZQAAAAAAAAABAAABFwAAAAdz\nc2gtcnNhAAAAAwEAAQAAAQEAxcOMjnIC3j6s9O+6dyVdspeF59v/jGKi2rpxTO5d\nn58P/FsoSOtfX5k74UGi6xTz8gYgDcfQBq+51BlhXOAZuXimuCc8kxk9nN1WpzZp\noSIvHsPMf8cUPckZGIq4EJ16A67vARZGxO/lmFYUAd4vp3yW7HrjjYnmzgs7KbqH\nqM/3aZrW3xqspBw2gb2sxOsjIe7tH+OON9Fndef1bV2ID/UIwleDqCKWiYbhBowb\ncz3B79Y3Zj40UyXCac6kxNpBsSXAovBkCg1gDgshtQv7qBEIrZfbOw6TYDOm2HaI\nxKh5YZ62nwrX6gTChtkPQ+dF7pL25Vo9rOto3ZtqY6D0nQAAA7hLvRfbS70X2wAA\nAAdzc2gtcnNhAAABAQDFw4yOcgLePqz077p3JV2yl4Xn2/+MYqLaunFM7l2fnw/8\nWyhI619fmTvhQaLrFPPyBiANx9AGr7nUGWFc4Bm5eKa4JzyTGT2c3VanNmmhIi8e\nw8x/xxQ9yRkYirgQnXoDru8BFkbE7+WYVhQB3i+nfJbseuONiebOCzspuoeoz/dp\nmtbfGqykHDaBvazE6yMh7u0f44430Wd15/VtXYgP9QjCV4OoIpaJhuEGjBtzPcHv\n1jdmPjRTJcJpzqTE2kGxJcCi8GQKDWAOCyG1C/uoEQitl9s7DpNgM6bYdojEqHlh\nnrafCtfqBMKG2Q9D50XukvblWj2s62jdm2pjoPSdAAAAAwEAAQAAAQEAuBjhr3jS\n0rDlsN25Z1CReL81GDHkIntvvs3wyvzais03xGPXjIoPrp6m73p6fvxyWsr469sl\n/BN5mchGqn6zc8Ss7qEX8pd8k5o4IFC25Bk+ZBVBOXHJlfquMfpwfocaHnOqagii\nuJHZ2YXH+jUrh26j0GBVlFzbTtOFr8LEpo/PLoJYewrw73CxJ4JGtqNcgGD+/9g2\nlEgZYttDCMR4fOBBAPtg1sutX+g9EH2XccNQ8XpH+PFf5DWJ9ei0KTR+Rap+QkYn\neBdlLWW0cJLxNuYVE84mi2LdYg5M1sDue4/qzBJ5Mzipb6Uh6Fl54kLFYocNT/ZO\np1/BEO3oE18KAQAAAIBBPMIsToc1Xz8JhbjHqJtwNGfg5ZJV7BeRq7QYAz3SRAlg\n1VDKdvKvSobXLjxWekpH/+q14FB6BONE4D557jvKu7ousg7qXjiOax9TAwj5QY1I\nyMs83IlbFJak+WglGnFPmJiIrAKsGc+ADbvICGQkV1OcE4Hn4cGNgsj7mxOkSAAA\nAIEA6kykWXRpHMyvCOQFND3skPeOQHXoVO2wLEvwd9yt1OETJY2kkn3QW5mq7sxl\n0h/jKDIYsSQoCWsSK/hbiMJ8DGPVRoYRit5IxCK1WxuEHQjVE9hK9drrwY9ShQ/O\nJoECwMk0KEvm1Ysp3l6F8hWM1sckd7Cc3tQZ0V0e7XPWOWkAAACBANgUoZjjMXph\ndPa6tcrvsEYmF1yQXwg50hWWYFYjSSx/RyRCEyTrj6UI4NwrRGX/HeVRu/DLNjkM\npPNh3L5Xu2666kZ/JKG4w50KX+fw+0YKoCTuIM8/MtQ2WBtACi7ZxroFqZO9Nkj3\nMudS18VQeUkyywPGjMSSZZjosJ32rWcVAAAAAAEC\n-----END OPENSSH PRIVATE KEY-----\n",
            "private_key_pem": "-----BEGIN RSA PRIVATE KEY-----\nMIIEpAIBAAKCAQEAxcOMjnIC3j6s9O+6dyVdspeF59v/jGKi2rpxTO5dn58P/Fso\nSOtfX5k74UGi6xTz8gYgDcfQBq+51BlhXOAZuXimuCc8kxk9nN1WpzZpoSIvHsPM\nf8cUPckZGIq4EJ16A67vARZGxO/lmFYUAd4vp3yW7HrjjYnmzgs7KbqHqM/3aZrW\n3xqspBw2gb2sxOsjIe7tH+OON9Fndef1bV2ID/UIwleDqCKWiYbhBowbcz3B79Y3\nZj40UyXCac6kxNpBsSXAovBkCg1gDgshtQv7qBEIrZfbOw6TYDOm2HaIxKh5YZ62\nnwrX6gTChtkPQ+dF7pL25Vo9rOto3ZtqY6D0nQIDAQABAoIBAQC4GOGveNLSsOWw\n3blnUJF4vzUYMeQie2++zfDK/NqKzTfEY9eMig+unqbvenp+/HJayvjr2yX8E3mZ\nyEaqfrNzxKzuoRfyl3yTmjggULbkGT5kFUE5ccmV+q4x+nB+hxoec6pqCKK4kdnZ\nhcf6NSuHbqPQYFWUXNtO04WvwsSmj88uglh7CvDvcLEngka2o1yAYP7/2DaUSBli\n20MIxHh84EEA+2DWy61f6D0QfZdxw1Dxekf48V/kNYn16LQpNH5Fqn5CRid4F2Ut\nZbRwkvE25hUTziaLYt1iDkzWwO57j+rMEnkzOKlvpSHoWXniQsVihw1P9k6nX8EQ\n7egTXwoBAoGBAOpMpFl0aRzMrwjkBTQ97JD3jkB16FTtsCxL8HfcrdThEyWNpJJ9\n0FuZqu7MZdIf4ygyGLEkKAlrEiv4W4jCfAxj1UaGEYreSMQitVsbhB0I1RPYSvXa\n68GPUoUPziaBAsDJNChL5tWLKd5ehfIVjNbHJHewnN7UGdFdHu1z1jlpAoGBANgU\noZjjMXphdPa6tcrvsEYmF1yQXwg50hWWYFYjSSx/RyRCEyTrj6UI4NwrRGX/HeVR\nu/DLNjkMpPNh3L5Xu2666kZ/JKG4w50KX+fw+0YKoCTuIM8/MtQ2WBtACi7ZxroF\nqZO9Nkj3MudS18VQeUkyywPGjMSSZZjosJ32rWcVAoGASl9HsAmOsBCc4wKWUE3z\nwNSD+Bw1QngsevMkArgvCarkTABZJBMBx4HQy3pgO8HZdlHompoyh0LQgtqUG6Y4\ngCpUcc1u1hjXGkM2NBRY7Gp4UJNQwBfczBU1iX1J39kFybJUdxIY1OIWyTpR5FVI\n3ohaIBAUy3qiM14OyisB7jkCgYEAs8yvDq317NSNZATG4p+BuU1W4SIMwaaDRo1D\nikmASPN7uhL1JSKR+4ygtvOVzZ10Pe4+Cca+TshTtWV4LjaIc0I7UP/Y9mzs8I7C\ncRiXrZeH3FL9oBYBcI3r0HkAQC3ca8vsaE/ojNyNUekgPEKTObJ3NaQQXD1JJuxw\nknDBp2UCgYBBPMIsToc1Xz8JhbjHqJtwNGfg5ZJV7BeRq7QYAz3SRAlg1VDKdvKv\nSobXLjxWekpH/+q14FB6BONE4D557jvKu7ousg7qXjiOax9TAwj5QY1IyMs83Ilb\nFJak+WglGnFPmJiIrAKsGc+ADbvICGQkV1OcE4Hn4cGNgsj7mxOkSA==\n-----END RSA PRIVATE KEY-----\n",
            "private_key_pem_pkcs8": "-----BEGIN PRIVATE KEY-----\nMIIEvgIBADANBgkqhkiG9w0BAQEFAASCBKgwggSkAgEAAoIBAQDFw4yOcgLePqz0\n77p3JV2yl4Xn2/+MYqLaunFM7l2fnw/8WyhI619fmTvhQaLrFPPyBiANx9AGr7nU\nGWFc4Bm5eKa4JzyTGT2c3VanNmmhIi8ew8x/xxQ9yRkYirgQnXoDru8BFkbE7+WY\nVhQB3i+nfJbseuONiebOCzspuoeoz/dpmtbfGqykHDaBvazE6yMh7u0f44430Wd1\n5/VtXYgP9QjCV4OoIpaJhuEGjBtzPcHv1jdmPjRTJcJpzqTE2kGxJcCi8GQKDWAO\nCyG1C/uoEQitl9s7DpNgM6bYdojEqHlhnrafCtfqBMKG2Q9D50XukvblWj2s62jd\nm2pjoPSdAgMBAAECggEBALgY4a940tKw5bDduWdQkXi/NRgx5CJ7b77N8Mr82orN\nN8Rj14yKD66epu96en78clrK+OvbJfwTeZnIRqp+s3PErO6hF/KXfJOaOCBQtuQZ\nPmQVQTlxyZX6rjH6cH6HGh5zqmoIoriR2dmFx/o1K4duo9BgVZRc207Tha/CxKaP\nzy6CWHsK8O9wsSeCRrajXIBg/v/YNpRIGWLbQwjEeHzgQQD7YNbLrV/oPRB9l3HD\nUPF6R/jxX+Q1ifXotCk0fkWqfkJGJ3gXZS1ltHCS8TbmFRPOJoti3WIOTNbA7nuP\n6swSeTM4qW+lIehZeeJCxWKHDU/2TqdfwRDt6BNfCgECgYEA6kykWXRpHMyvCOQF\nND3skPeOQHXoVO2wLEvwd9yt1OETJY2kkn3QW5mq7sxl0h/jKDIYsSQoCWsSK/hb\niMJ8DGPVRoYRit5IxCK1WxuEHQjVE9hK9drrwY9ShQ/OJoECwMk0KEvm1Ysp3l6F\n8hWM1sckd7Cc3tQZ0V0e7XPWOWkCgYEA2BShmOMxemF09rq1yu+wRiYXXJBfCDnS\nFZZgViNJLH9HJEITJOuPpQjg3CtEZf8d5VG78Ms2OQyk82Hcvle7brrqRn8kobjD\nnQpf5/D7RgqgJO4gzz8y1DZYG0AKLtnGugWpk702SPcy51LXxVB5STLLA8aMxJJl\nmOiwnfatZxUCgYBKX0ewCY6wEJzjApZQTfPA1IP4HDVCeCx68yQCuC8JquRMAFkk\nEwHHgdDLemA7wdl2UeiamjKHQtCC2pQbpjiAKlRxzW7WGNcaQzY0FFjsanhQk1DA\nF9zMFTWJfUnf2QXJslR3EhjU4hbJOlHkVUjeiFogEBTLeqIzXg7KKwHuOQKBgQCz\nzK8OrfXs1I1kBMbin4G5TVbhIgzBpoNGjUOKSYBI83u6EvUlIpH7jKC285XNnXQ9\n7j4Jxr5OyFO1ZXguNohzQjtQ/9j2bOzwjsJxGJetl4fcUv2gFgFwjevQeQBALdxr\ny+xoT+iM3I1R6SA8QpM5snc1pBBcPUkm7HCScMGnZQKBgEE8wixOhzVfPwmFuMeo\nm3A0Z+DlklXsF5GrtBgDPdJECWDVUMp28q9KhtcuPFZ6Skf/6rXgUHoE40TgPnnu\nO8q7ui6yDupeOI5rH1MDCPlBjUjIyzzciVsUlqT5aCUacU+YmIisAqwZz4ANu8gI\nZCRXU5wTgefhwY2CyPubE6RI\n-----END PRIVATE KEY-----\n",
            "public_key_fingerprint_md5": "1e:da:01:bf:ed:59:45:75:7c:73:8d:02:86:1b:01:dd",
            "public_key_fingerprint_sha256": "SHA256:fOFFp67W8riFNqV9sn6KTE2zJyS0KPO0tR834VYjmrY",
            "public_key_openssh": "ssh-rsa AAAAB3NzaC1yc2EAAAADAQABAAABAQDFw4yOcgLePqz077p3JV2yl4Xn2/+MYqLaunFM7l2fnw/8WyhI619fmTvhQaLrFPPyBiANx9AGr7nUGWFc4Bm5eKa4JzyTGT2c3VanNmmhIi8ew8x/xxQ9yRkYirgQnXoDru8BFkbE7+WYVhQB3i+nfJbseuONiebOCzspuoeoz/dpmtbfGqykHDaBvazE6yMh7u0f44430Wd15/VtXYgP9QjCV4OoIpaJhuEGjBtzPcHv1jdmPjRTJcJpzqTE2kGxJcCi8GQKDWAOCyG1C/uoEQitl9s7DpNgM6bYdojEqHlhnrafCtfqBMKG2Q9D50XukvblWj2s62jdm2pjoPSd\n",
            "public_key_pem": "-----BEGIN PUBLIC KEY-----\nMIIBIjANBgkqhkiG9w0BAQEFAAOCAQ8AMIIBCgKCAQEAxcOMjnIC3j6s9O+6dyVd\nspeF59v/jGKi2rpxTO5dn58P/FsoSOtfX5k74UGi6xTz8gYgDcfQBq+51BlhXOAZ\nuXimuCc8kxk9nN1WpzZpoSIvHsPMf8cUPckZGIq4EJ16A67vARZGxO/lmFYUAd4v\np3yW7HrjjYnmzgs7KbqHqM/3aZrW3xqspBw2gb2sxOsjIe7tH+OON9Fndef1bV2I\nD/UIwleDqCKWiYbhBowbcz3B79Y3Zj40UyXCac6kxNpBsSXAovBkCg1gDgshtQv7\nqBEIrZfbOw6TYDOm2HaIxKh5YZ62nwrX6gTChtkPQ+dF7pL25Vo9rOto3ZtqY6D0\nnQIDAQAB\n-----END PUBLIC KEY-----\n",
            "rsa_bits": 2048
          },
          "sensitive_attributes": []
        }
      ]
    }
  ],
  "check_results": null
}
